
Microsoft Visual Studio Solution File, Format Version 12.00
# Visual Studio Version 17
VisualStudioVersion = 17.9.34728.123
MinimumVisualStudioVersion = 10.0.40219.1
Project("{9A19103F-16F7-4668-BE54-9A1E7A4F7556}") = "UKParliamentEndPointsAdmin.API", "UKParliamentEndPointsAdmin.API.csproj", "{DEC4EEFA-74D4-470E-8778-95441F9BC529}"
EndProject
Project("{9A19103F-16F7-4668-BE54-9A1E7A4F7556}") = "UKParliamentEndPointsAdmin.Shared", "..\UKParliamentEndPointsAdmin.Common\UKParliamentEndPointsAdmin.Shared.csproj", "{87D0A1C9-EF27-4289-AADB-06AFA1BACE32}"
EndProject
Global
	GlobalSection(SolutionConfigurationPlatforms) = preSolution
		Debug|Any CPU = Debug|Any CPU
		Release|Any CPU = Release|Any CPU
	EndGlobalSection
	GlobalSection(ProjectConfigurationPlatforms) = postSolution
		{DEC4EEFA-74D4-470E-8778-95441F9BC529}.Debug|Any CPU.ActiveCfg = Debug|Any CPU
		{DEC4EEFA-74D4-470E-8778-95441F9BC529}.Debug|Any CPU.Build.0 = Debug|Any CPU
		{DEC4EEFA-74D4-470E-8778-95441F9BC529}.Release|Any CPU.ActiveCfg = Release|Any CPU
		{DEC4EEFA-74D4-470E-8778-95441F9BC529}.Release|Any CPU.Build.0 = Release|Any CPU
		{87D0A1C9-EF27-4289-AADB-06AFA1BACE32}.Debug|Any CPU.ActiveCfg = Debug|Any CPU
		{87D0A1C9-EF27-4289-AADB-06AFA1BACE32}.Debug|Any CPU.Build.0 = Debug|Any CPU
		{87D0A1C9-EF27-4289-AADB-06AFA1BACE32}.Release|Any CPU.ActiveCfg = Release|Any CPU
		{87D0A1C9-EF27-4289-AADB-06AFA1BACE32}.Release|Any CPU.Build.0 = Release|Any CPU
	EndGlobalSection
	GlobalSection(SolutionProperties) = preSolution
		HideSolutionNode = FALSE
	EndGlobalSection
	GlobalSection(ExtensibilityGlobals) = postSolution
		SolutionGuid = {63832809-0D48-4EF2-BDBC-D850F3D4210A}
	EndGlobalSection
EndGlobal
